// !$*UTF8*$!
{
	archiveVersion = 1;
	classes = {
	};
	objectVersion = 56;
	objects = {

/* Begin PBXBuildFile section */
		BF0248342AEF8CB000FCA6E3 /* DepartureFlightView.swift in Sources */ = {isa = PBXBuildFile; fileRef = BF0248332AEF8CB000FCA6E3 /* DepartureFlightView.swift */; };
		BF5852A32ABADAE600E089BC /* IncheonAirportApp.swift in Sources */ = {isa = PBXBuildFile; fileRef = BF5852A22ABADAE600E089BC /* IncheonAirportApp.swift */; };
		BF5852A52ABADAE600E089BC /* ContentView.swift in Sources */ = {isa = PBXBuildFile; fileRef = BF5852A42ABADAE600E089BC /* ContentView.swift */; };
		BF5852A72ABADAE700E089BC /* Assets.xcassets in Resources */ = {isa = PBXBuildFile; fileRef = BF5852A62ABADAE700E089BC /* Assets.xcassets */; };
		BF5852AA2ABADAE700E089BC /* Preview Assets.xcassets in Resources */ = {isa = PBXBuildFile; fileRef = BF5852A92ABADAE700E089BC /* Preview Assets.xcassets */; };
		BF5852B22ABADB1100E089BC /* Alamofire in Frameworks */ = {isa = PBXBuildFile; productRef = BF5852B12ABADB1100E089BC /* Alamofire */; };
		BF5852B42ABADB3800E089BC /* DepartResponseModel.swift in Sources */ = {isa = PBXBuildFile; fileRef = BF5852B32ABADB3800E089BC /* DepartResponseModel.swift */; };
		BF5852B62ABADBCD00E089BC /* DepartResponseViewModel.swift in Sources */ = {isa = PBXBuildFile; fileRef = BF5852B52ABADBCD00E089BC /* DepartResponseViewModel.swift */; };
		BF5A19162B3048D0008266F4 /* DateTimeFormatter.swift in Sources */ = {isa = PBXBuildFile; fileRef = BF5A19152B3048D0008266F4 /* DateTimeFormatter.swift */; };
		BF5A19182B3049A5008266F4 /* HeaderView.swift in Sources */ = {isa = PBXBuildFile; fileRef = BF5A19172B3049A5008266F4 /* HeaderView.swift */; };
		BF69AD312B1073D8000305CE /* departureFlights.json in Resources */ = {isa = PBXBuildFile; fileRef = BF69AD302B1073D8000305CE /* departureFlights.json */; };
		BF69AD3D2B1098B2000305CE /* arrivalFlights.json in Resources */ = {isa = PBXBuildFile; fileRef = BF69AD3C2B1098B2000305CE /* arrivalFlights.json */; };
		BFCA69182ABC4A950040754D /* ArrivalFlightView.swift in Sources */ = {isa = PBXBuildFile; fileRef = BFCA69172ABC4A950040754D /* ArrivalFlightView.swift */; };
		BFCA691A2ABC4ADD0040754D /* ArrivalResponseViewModel.swift in Sources */ = {isa = PBXBuildFile; fileRef = BFCA69192ABC4ADD0040754D /* ArrivalResponseViewModel.swift */; };
		BFCA691C2ABC4AEF0040754D /* ArrivalResponseModel.swift in Sources */ = {isa = PBXBuildFile; fileRef = BFCA691B2ABC4AEF0040754D /* ArrivalResponseModel.swift */; };
		BFCA69322ABC9C040040754D /* DepartResponseModelTests.swift in Sources */ = {isa = PBXBuildFile; fileRef = BFCA69312ABC9C040040754D /* DepartResponseModelTests.swift */; };
/* End PBXBuildFile section */

/* Begin PBXContainerItemProxy section */
		BFCA69252ABC96D20040754D /* PBXContainerItemProxy */ = {
			isa = PBXContainerItemProxy;
			containerPortal = BF5852972ABADAE600E089BC /* Project object */;
			proxyType = 1;
			remoteGlobalIDString = BF58529E2ABADAE600E089BC;
			remoteInfo = IncheonAirport;
		};
/* End PBXContainerItemProxy section */

/* Begin PBXFileReference section */
		BF0248332AEF8CB000FCA6E3 /* DepartureFlightView.swift */ = {isa = PBXFileReference; lastKnownFileType = sourcecode.swift; path = DepartureFlightView.swift; sourceTree = "<group>"; };
		BF58529F2ABADAE600E089BC /* IncheonAirport.app */ = {isa = PBXFileReference; explicitFileType = wrapper.application; includeInIndex = 0; path = IncheonAirport.app; sourceTree = BUILT_PRODUCTS_DIR; };
		BF5852A22ABADAE600E089BC /* IncheonAirportApp.swift */ = {isa = PBXFileReference; lastKnownFileType = sourcecode.swift; path = IncheonAirportApp.swift; sourceTree = "<group>"; };
		BF5852A42ABADAE600E089BC /* ContentView.swift */ = {isa = PBXFileReference; lastKnownFileType = sourcecode.swift; path = ContentView.swift; sourceTree = "<group>"; };
		BF5852A62ABADAE700E089BC /* Assets.xcassets */ = {isa = PBXFileReference; lastKnownFileType = folder.assetcatalog; path = Assets.xcassets; sourceTree = "<group>"; };
		BF5852A92ABADAE700E089BC /* Preview Assets.xcassets */ = {isa = PBXFileReference; lastKnownFileType = folder.assetcatalog; path = "Preview Assets.xcassets"; sourceTree = "<group>"; };
		BF5852B32ABADB3800E089BC /* DepartResponseModel.swift */ = {isa = PBXFileReference; lastKnownFileType = sourcecode.swift; path = DepartResponseModel.swift; sourceTree = "<group>"; };
		BF5852B52ABADBCD00E089BC /* DepartResponseViewModel.swift */ = {isa = PBXFileReference; lastKnownFileType = sourcecode.swift; path = DepartResponseViewModel.swift; sourceTree = "<group>"; };
		BF5852B72ABADC8000E089BC /* Info.plist */ = {isa = PBXFileReference; lastKnownFileType = text.plist; path = Info.plist; sourceTree = "<group>"; };
		BF5A19152B3048D0008266F4 /* DateTimeFormatter.swift */ = {isa = PBXFileReference; lastKnownFileType = sourcecode.swift; path = DateTimeFormatter.swift; sourceTree = "<group>"; };
		BF5A19172B3049A5008266F4 /* HeaderView.swift */ = {isa = PBXFileReference; lastKnownFileType = sourcecode.swift; path = HeaderView.swift; sourceTree = "<group>"; };
		BF69AD302B1073D8000305CE /* departureFlights.json */ = {isa = PBXFileReference; lastKnownFileType = text.json; path = departureFlights.json; sourceTree = "<group>"; };
		BF69AD3C2B1098B2000305CE /* arrivalFlights.json */ = {isa = PBXFileReference; lastKnownFileType = text.json; path = arrivalFlights.json; sourceTree = "<group>"; };
		BFCA69172ABC4A950040754D /* ArrivalFlightView.swift */ = {isa = PBXFileReference; lastKnownFileType = sourcecode.swift; path = ArrivalFlightView.swift; sourceTree = "<group>"; };
		BFCA69192ABC4ADD0040754D /* ArrivalResponseViewModel.swift */ = {isa = PBXFileReference; lastKnownFileType = sourcecode.swift; path = ArrivalResponseViewModel.swift; sourceTree = "<group>"; };
		BFCA691B2ABC4AEF0040754D /* ArrivalResponseModel.swift */ = {isa = PBXFileReference; lastKnownFileType = sourcecode.swift; path = ArrivalResponseModel.swift; sourceTree = "<group>"; };
		BFCA69212ABC96D10040754D /* IncheonAirportTests.xctest */ = {isa = PBXFileReference; explicitFileType = wrapper.cfbundle; includeInIndex = 0; path = IncheonAirportTests.xctest; sourceTree = BUILT_PRODUCTS_DIR; };
		BFCA69302ABC9C040040754D /* IncheonAirportTests-Bridging-Header.h */ = {isa = PBXFileReference; lastKnownFileType = sourcecode.c.h; path = "IncheonAirportTests-Bridging-Header.h"; sourceTree = "<group>"; };
		BFCA69312ABC9C040040754D /* DepartResponseModelTests.swift */ = {isa = PBXFileReference; lastKnownFileType = sourcecode.swift; path = DepartResponseModelTests.swift; sourceTree = "<group>"; };
/* End PBXFileReference section */

/* Begin PBXFrameworksBuildPhase section */
		BF58529C2ABADAE600E089BC /* Frameworks */ = {
			isa = PBXFrameworksBuildPhase;
			buildActionMask = 2147483647;
			files = (
				BF5852B22ABADB1100E089BC /* Alamofire in Frameworks */,
			);
			runOnlyForDeploymentPostprocessing = 0;
		};
		BFCA691E2ABC96D10040754D /* Frameworks */ = {
			isa = PBXFrameworksBuildPhase;
			buildActionMask = 2147483647;
			files = (
			);
			runOnlyForDeploymentPostprocessing = 0;
		};
/* End PBXFrameworksBuildPhase section */

/* Begin PBXGroup section */
		BF5852962ABADAE600E089BC = {
			isa = PBXGroup;
			children = (
				BF5852A12ABADAE600E089BC /* IncheonAirport */,
				BFCA69222ABC96D20040754D /* IncheonAirportTests */,
				BF5852A02ABADAE600E089BC /* Products */,
			);
			sourceTree = "<group>";
		};
		BF5852A02ABADAE600E089BC /* Products */ = {
			isa = PBXGroup;
			children = (
				BF58529F2ABADAE600E089BC /* IncheonAirport.app */,
				BFCA69212ABC96D10040754D /* IncheonAirportTests.xctest */,
			);
			name = Products;
			sourceTree = "<group>";
		};
		BF5852A12ABADAE600E089BC /* IncheonAirport */ = {
			isa = PBXGroup;
			children = (
				BF5852B72ABADC8000E089BC /* Info.plist */,
				BF5852A22ABADAE600E089BC /* IncheonAirportApp.swift */,
				BF5852A42ABADAE600E089BC /* ContentView.swift */,
				BF5A19172B3049A5008266F4 /* HeaderView.swift */,
				BF5A19142B3048AD008266F4 /* Extension */,
				BF69AD3A2B108249000305CE /* API */,
				BF69AD322B107415000305CE /* DepartureFlight */,
				BF69AD3B2B109634000305CE /* ArrivalFlight */,
				BF5852A62ABADAE700E089BC /* Assets.xcassets */,
				BF5852A82ABADAE700E089BC /* Preview Content */,
			);
			path = IncheonAirport;
			sourceTree = "<group>";
		};
		BF5852A82ABADAE700E089BC /* Preview Content */ = {
			isa = PBXGroup;
			children = (
				BF5852A92ABADAE700E089BC /* Preview Assets.xcassets */,
			);
			path = "Preview Content";
			sourceTree = "<group>";
		};
		BF5A19142B3048AD008266F4 /* Extension */ = {
			isa = PBXGroup;
			children = (
				BF5A19152B3048D0008266F4 /* DateTimeFormatter.swift */,
			);
			path = Extension;
			sourceTree = "<group>";
		};
		BF5A19192B304EAF008266F4 /* Model */ = {
			isa = PBXGroup;
			children = (
				BFCA691B2ABC4AEF0040754D /* ArrivalResponseModel.swift */,
			);
			path = Model;
			sourceTree = "<group>";
		};
		BF5A191A2B304EB8008266F4 /* ViewModel */ = {
			isa = PBXGroup;
			children = (
				BFCA69192ABC4ADD0040754D /* ArrivalResponseViewModel.swift */,
			);
			path = ViewModel;
			sourceTree = "<group>";
		};
		BF69AD322B107415000305CE /* DepartureFlight */ = {
			isa = PBXGroup;
			children = (
				BF69AD332B107425000305CE /* View */,
				BF69AD352B107443000305CE /* Model */,
				BF69AD342B10742E000305CE /* ViewModel */,
			);
			path = DepartureFlight;
			sourceTree = "<group>";
		};
		BF69AD332B107425000305CE /* View */ = {
			isa = PBXGroup;
			children = (
				BF0248332AEF8CB000FCA6E3 /* DepartureFlightView.swift */,
			);
			path = View;
			sourceTree = "<group>";
		};
		BF69AD342B10742E000305CE /* ViewModel */ = {
			isa = PBXGroup;
			children = (
				BF5852B52ABADBCD00E089BC /* DepartResponseViewModel.swift */,
			);
			path = ViewModel;
			sourceTree = "<group>";
		};
		BF69AD352B107443000305CE /* Model */ = {
			isa = PBXGroup;
			children = (
				BF5852B32ABADB3800E089BC /* DepartResponseModel.swift */,
			);
			path = Model;
			sourceTree = "<group>";
		};
		BF69AD3A2B108249000305CE /* API */ = {
			isa = PBXGroup;
			children = (
				BF69AD302B1073D8000305CE /* departureFlights.json */,
				BF69AD3C2B1098B2000305CE /* arrivalFlights.json */,
			);
			path = API;
			sourceTree = "<group>";
		};
		BF69AD3B2B109634000305CE /* ArrivalFlight */ = {
			isa = PBXGroup;
			children = (
				BFCA69162ABC3BD50040754D /* View */,
				BF5A191A2B304EB8008266F4 /* ViewModel */,
				BF5A19192B304EAF008266F4 /* Model */,
			);
			path = ArrivalFlight;
			sourceTree = "<group>";
		};
		BFCA69162ABC3BD50040754D /* View */ = {
			isa = PBXGroup;
			children = (
				BFCA69172ABC4A950040754D /* ArrivalFlightView.swift */,
			);
			path = View;
			sourceTree = "<group>";
		};
		BFCA69222ABC96D20040754D /* IncheonAirportTests */ = {
			isa = PBXGroup;
			children = (
				BFCA69312ABC9C040040754D /* DepartResponseModelTests.swift */,
				BFCA69302ABC9C040040754D /* IncheonAirportTests-Bridging-Header.h */,
			);
			path = IncheonAirportTests;
			sourceTree = "<group>";
		};
/* End PBXGroup section */

/* Begin PBXNativeTarget section */
		BF58529E2ABADAE600E089BC /* IncheonAirport */ = {
			isa = PBXNativeTarget;
			buildConfigurationList = BF5852AD2ABADAE700E089BC /* Build configuration list for PBXNativeTarget "IncheonAirport" */;
			buildPhases = (
				BF58529B2ABADAE600E089BC /* Sources */,
				BF58529C2ABADAE600E089BC /* Frameworks */,
				BF58529D2ABADAE600E089BC /* Resources */,
			);
			buildRules = (
			);
			dependencies = (
			);
			name = IncheonAirport;
			packageProductDependencies = (
				BF5852B12ABADB1100E089BC /* Alamofire */,
			);
			productName = IncheonAirport;
			productReference = BF58529F2ABADAE600E089BC /* IncheonAirport.app */;
			productType = "com.apple.product-type.application";
		};
		BFCA69202ABC96D10040754D /* IncheonAirportTests */ = {
			isa = PBXNativeTarget;
			buildConfigurationList = BFCA69272ABC96D20040754D /* Build configuration list for PBXNativeTarget "IncheonAirportTests" */;
			buildPhases = (
				BFCA691D2ABC96D10040754D /* Sources */,
				BFCA691E2ABC96D10040754D /* Frameworks */,
				BFCA691F2ABC96D10040754D /* Resources */,
			);
			buildRules = (
			);
			dependencies = (
				BFCA69262ABC96D20040754D /* PBXTargetDependency */,
			);
			name = IncheonAirportTests;
			productName = IncheonAirportTests;
			productReference = BFCA69212ABC96D10040754D /* IncheonAirportTests.xctest */;
			productType = "com.apple.product-type.bundle.unit-test";
		};
/* End PBXNativeTarget section */

/* Begin PBXProject section */
		BF5852972ABADAE600E089BC /* Project object */ = {
			isa = PBXProject;
			attributes = {
				BuildIndependentTargetsInParallel = 1;
				LastSwiftUpdateCheck = 1430;
				LastUpgradeCheck = 1430;
				TargetAttributes = {
					BF58529E2ABADAE600E089BC = {
						CreatedOnToolsVersion = 14.3.1;
					};
					BFCA69202ABC96D10040754D = {
						CreatedOnToolsVersion = 14.3.1;
						LastSwiftMigration = 1430;
						TestTargetID = BF58529E2ABADAE600E089BC;
					};
				};
			};
			buildConfigurationList = BF58529A2ABADAE600E089BC /* Build configuration list for PBXProject "IncheonAirport" */;
			compatibilityVersion = "Xcode 14.0";
			developmentRegion = en;
			hasScannedForEncodings = 0;
			knownRegions = (
				en,
				Base,
			);
			mainGroup = BF5852962ABADAE600E089BC;
			packageReferences = (
				BF5852B02ABADB1100E089BC /* XCRemoteSwiftPackageReference "Alamofire" */,
			);
			productRefGroup = BF5852A02ABADAE600E089BC /* Products */;
			projectDirPath = "";
			projectRoot = "";
			targets = (
				BF58529E2ABADAE600E089BC /* IncheonAirport */,
				BFCA69202ABC96D10040754D /* IncheonAirportTests */,
			);
		};
/* End PBXProject section */

/* Begin PBXResourcesBuildPhase section */
		BF58529D2ABADAE600E089BC /* Resources */ = {
			isa = PBXResourcesBuildPhase;
			buildActionMask = 2147483647;
			files = (
				BF5852AA2ABADAE700E089BC /* Preview Assets.xcassets in Resources */,
				BF69AD3D2B1098B2000305CE /* arrivalFlights.json in Resources */,
				BF69AD312B1073D8000305CE /* departureFlights.json in Resources */,
				BF5852A72ABADAE700E089BC /* Assets.xcassets in Resources */,
			);
			runOnlyForDeploymentPostprocessing = 0;
		};
		BFCA691F2ABC96D10040754D /* Resources */ = {
			isa = PBXResourcesBuildPhase;
			buildActionMask = 2147483647;
			files = (
			);
			runOnlyForDeploymentPostprocessing = 0;
		};
/* End PBXResourcesBuildPhase section */

/* Begin PBXSourcesBuildPhase section */
		BF58529B2ABADAE600E089BC /* Sources */ = {
			isa = PBXSourcesBuildPhase;
			buildActionMask = 2147483647;
			files = (
				BF5852B42ABADB3800E089BC /* DepartResponseModel.swift in Sources */,
				BF0248342AEF8CB000FCA6E3 /* DepartureFlightView.swift in Sources */,
				BFCA691A2ABC4ADD0040754D /* ArrivalResponseViewModel.swift in Sources */,
				BF5852A52ABADAE600E089BC /* ContentView.swift in Sources */,
				BF5A19162B3048D0008266F4 /* DateTimeFormatter.swift in Sources */,
				BF5852A32ABADAE600E089BC /* IncheonAirportApp.swift in Sources */,
				BF5A19182B3049A5008266F4 /* HeaderView.swift in Sources */,
				BF5852B62ABADBCD00E089BC /* DepartResponseViewModel.swift in Sources */,
				BFCA691C2ABC4AEF0040754D /* ArrivalResponseModel.swift in Sources */,
				BFCA69182ABC4A950040754D /* ArrivalFlightView.swift in Sources */,
			);
			runOnlyForDeploymentPostprocessing = 0;
		};
		BFCA691D2ABC96D10040754D /* Sources */ = {
			isa = PBXSourcesBuildPhase;
			buildActionMask = 2147483647;
			files = (
				BFCA69322ABC9C040040754D /* DepartResponseModelTests.swift in Sources */,
			);
			runOnlyForDeploymentPostprocessing = 0;
		};
/* End PBXSourcesBuildPhase section */

/* Begin PBXTargetDependency section */
		BFCA69262ABC96D20040754D /* PBXTargetDependency */ = {
			isa = PBXTargetDependency;
			target = BF58529E2ABADAE600E089BC /* IncheonAirport */;
			targetProxy = BFCA69252ABC96D20040754D /* PBXContainerItemProxy */;
		};
/* End PBXTargetDependency section */

/* Begin XCBuildConfiguration section */
		BF5852AB2ABADAE700E089BC /* Debug */ = {
			isa = XCBuildConfiguration;
			buildSettings = {
				ALWAYS_SEARCH_USER_PATHS = NO;
				CLANG_ANALYZER_NONNULL = YES;
				CLANG_ANALYZER_NUMBER_OBJECT_CONVERSION = YES_AGGRESSIVE;
				CLANG_CXX_LANGUAGE_STANDARD = "gnu++20";
				CLANG_ENABLE_MODULES = YES;
				CLANG_ENABLE_OBJC_ARC = YES;
				CLANG_ENABLE_OBJC_WEAK = YES;
				CLANG_WARN_BLOCK_CAPTURE_AUTORELEASING = YES;
				CLANG_WARN_BOOL_CONVERSION = YES;
				CLANG_WARN_COMMA = YES;
				CLANG_WARN_CONSTANT_CONVERSION = YES;
				CLANG_WARN_DEPRECATED_OBJC_IMPLEMENTATIONS = YES;
				CLANG_WARN_DIRECT_OBJC_ISA_USAGE = YES_ERROR;
				CLANG_WARN_DOCUMENTATION_COMMENTS = YES;
				CLANG_WARN_EMPTY_BODY = YES;
				CLANG_WARN_ENUM_CONVERSION = YES;
				CLANG_WARN_INFINITE_RECURSION = YES;
				CLANG_WARN_INT_CONVERSION = YES;
				CLANG_WARN_NON_LITERAL_NULL_CONVERSION = YES;
				CLANG_WARN_OBJC_IMPLICIT_RETAIN_SELF = YES;
				CLANG_WARN_OBJC_LITERAL_CONVERSION = YES;
				CLANG_WARN_OBJC_ROOT_CLASS = YES_ERROR;
				CLANG_WARN_QUOTED_INCLUDE_IN_FRAMEWORK_HEADER = YES;
				CLANG_WARN_RANGE_LOOP_ANALYSIS = YES;
				CLANG_WARN_STRICT_PROTOTYPES = YES;
				CLANG_WARN_SUSPICIOUS_MOVE = YES;
				CLANG_WARN_UNGUARDED_AVAILABILITY = YES_AGGRESSIVE;
				CLANG_WARN_UNREACHABLE_CODE = YES;
				CLANG_WARN__DUPLICATE_METHOD_MATCH = YES;
				COPY_PHASE_STRIP = NO;
				DEBUG_INFORMATION_FORMAT = dwarf;
				ENABLE_STRICT_OBJC_MSGSEND = YES;
				ENABLE_TESTABILITY = YES;
				GCC_C_LANGUAGE_STANDARD = gnu11;
				GCC_DYNAMIC_NO_PIC = NO;
				GCC_NO_COMMON_BLOCKS = YES;
				GCC_OPTIMIZATION_LEVEL = 0;
				GCC_PREPROCESSOR_DEFINITIONS = (
					"DEBUG=1",
					"$(inherited)",
				);
				GCC_WARN_64_TO_32_BIT_CONVERSION = YES;
				GCC_WARN_ABOUT_RETURN_TYPE = YES_ERROR;
				GCC_WARN_UNDECLARED_SELECTOR = YES;
				GCC_WARN_UNINITIALIZED_AUTOS = YES_AGGRESSIVE;
				GCC_WARN_UNUSED_FUNCTION = YES;
				GCC_WARN_UNUSED_VARIABLE = YES;
				IPHONEOS_DEPLOYMENT_TARGET = 16.4;
				MTL_ENABLE_DEBUG_INFO = INCLUDE_SOURCE;
				MTL_FAST_MATH = YES;
				ONLY_ACTIVE_ARCH = YES;
				SDKROOT = iphoneos;
				SWIFT_ACTIVE_COMPILATION_CONDITIONS = DEBUG;
				SWIFT_OPTIMIZATION_LEVEL = "-Onone";
			};
			name = Debug;
		};
		BF5852AC2ABADAE700E089BC /* Release */ = {
			isa = XCBuildConfiguration;
			buildSettings = {
				ALWAYS_SEARCH_USER_PATHS = NO;
				CLANG_ANALYZER_NONNULL = YES;
				CLANG_ANALYZER_NUMBER_OBJECT_CONVERSION = YES_AGGRESSIVE;
				CLANG_CXX_LANGUAGE_STANDARD = "gnu++20";
				CLANG_ENABLE_MODULES = YES;
				CLANG_ENABLE_OBJC_ARC = YES;
				CLANG_ENABLE_OBJC_WEAK = YES;
				CLANG_WARN_BLOCK_CAPTURE_AUTORELEASING = YES;
				CLANG_WARN_BOOL_CONVERSION = YES;
				CLANG_WARN_COMMA = YES;
				CLANG_WARN_CONSTANT_CONVERSION = YES;
				CLANG_WARN_DEPRECATED_OBJC_IMPLEMENTATIONS = YES;
				CLANG_WARN_DIRECT_OBJC_ISA_USAGE = YES_ERROR;
				CLANG_WARN_DOCUMENTATION_COMMENTS = YES;
				CLANG_WARN_EMPTY_BODY = YES;
				CLANG_WARN_ENUM_CONVERSION = YES;
				CLANG_WARN_INFINITE_RECURSION = YES;
				CLANG_WARN_INT_CONVERSION = YES;
				CLANG_WARN_NON_LITERAL_NULL_CONVERSION = YES;
				CLANG_WARN_OBJC_IMPLICIT_RETAIN_SELF = YES;
				CLANG_WARN_OBJC_LITERAL_CONVERSION = YES;
				CLANG_WARN_OBJC_ROOT_CLASS = YES_ERROR;
				CLANG_WARN_QUOTED_INCLUDE_IN_FRAMEWORK_HEADER = YES;
				CLANG_WARN_RANGE_LOOP_ANALYSIS = YES;
				CLANG_WARN_STRICT_PROTOTYPES = YES;
				CLANG_WARN_SUSPICIOUS_MOVE = YES;
				CLANG_WARN_UNGUARDED_AVAILABILITY = YES_AGGRESSIVE;
				CLANG_WARN_UNREACHABLE_CODE = YES;
				CLANG_WARN__DUPLICATE_METHOD_MATCH = YES;
				COPY_PHASE_STRIP = NO;
				DEBUG_INFORMATION_FORMAT = "dwarf-with-dsym";
				ENABLE_NS_ASSERTIONS = NO;
				ENABLE_STRICT_OBJC_MSGSEND = YES;
				GCC_C_LANGUAGE_STANDARD = gnu11;
				GCC_NO_COMMON_BLOCKS = YES;
				GCC_WARN_64_TO_32_BIT_CONVERSION = YES;
				GCC_WARN_ABOUT_RETURN_TYPE = YES_ERROR;
				GCC_WARN_UNDECLARED_SELECTOR = YES;
				GCC_WARN_UNINITIALIZED_AUTOS = YES_AGGRESSIVE;
				GCC_WARN_UNUSED_FUNCTION = YES;
				GCC_WARN_UNUSED_VARIABLE = YES;
				IPHONEOS_DEPLOYMENT_TARGET = 16.4;
				MTL_ENABLE_DEBUG_INFO = NO;
				MTL_FAST_MATH = YES;
				SDKROOT = iphoneos;
				SWIFT_COMPILATION_MODE = wholemodule;
				SWIFT_OPTIMIZATION_LEVEL = "-O";
				VALIDATE_PRODUCT = YES;
			};
			name = Release;
		};
		BF5852AE2ABADAE700E089BC /* Debug */ = {
			isa = XCBuildConfiguration;
			buildSettings = {
				ASSETCATALOG_COMPILER_APPICON_NAME = AppIcon;
				ASSETCATALOG_COMPILER_GLOBAL_ACCENT_COLOR_NAME = AccentColor;
				CODE_SIGN_STYLE = Automatic;
				CURRENT_PROJECT_VERSION = 1;
				DEVELOPMENT_ASSET_PATHS = "\"IncheonAirport/Preview Content\"";
				DEVELOPMENT_TEAM = L8QX5LU28U;
				ENABLE_PREVIEWS = YES;
				GENERATE_INFOPLIST_FILE = YES;
				INFOPLIST_FILE = IncheonAirport/Info.plist;
				INFOPLIST_KEY_UIApplicationSceneManifest_Generation = YES;
				INFOPLIST_KEY_UIApplicationSupportsIndirectInputEvents = YES;
				INFOPLIST_KEY_UILaunchScreen_Generation = YES;
				INFOPLIST_KEY_UISupportedInterfaceOrientations_iPad = "UIInterfaceOrientationPortrait UIInterfaceOrientationPortraitUpsideDown UIInterfaceOrientationLandscapeLeft UIInterfaceOrientationLandscapeRight";
				INFOPLIST_KEY_UISupportedInterfaceOrientations_iPhone = "UIInterfaceOrientationPortrait UIInterfaceOrientationLandscapeLeft UIInterfaceOrientationLandscapeRight";
				IPHONEOS_DEPLOYMENT_TARGET = 16.0;
				LD_RUNPATH_SEARCH_PATHS = (
					"$(inherited)",
					"@executable_path/Frameworks",
				);
				MARKETING_VERSION = 1.0;
				PRODUCT_BUNDLE_IDENTIFIER = au.edu.uts.IncheonAirport;
				PRODUCT_NAME = "$(TARGET_NAME)";
				SUPPORTED_PLATFORMS = "iphoneos iphonesimulator";
				SUPPORTS_MACCATALYST = NO;
				SUPPORTS_MAC_DESIGNED_FOR_IPHONE_IPAD = NO;
				SWIFT_EMIT_LOC_STRINGS = YES;
				SWIFT_VERSION = 5.0;
				TARGETED_DEVICE_FAMILY = 1;
			};
			name = Debug;
		};
		BF5852AF2ABADAE700E089BC /* Release */ = {
			isa = XCBuildConfiguration;
			buildSettings = {
				ASSETCATALOG_COMPILER_APPICON_NAME = AppIcon;
				ASSETCATALOG_COMPILER_GLOBAL_ACCENT_COLOR_NAME = AccentColor;
				CODE_SIGN_STYLE = Automatic;
				CURRENT_PROJECT_VERSION = 1;
				DEVELOPMENT_ASSET_PATHS = "\"IncheonAirport/Preview Content\"";
				DEVELOPMENT_TEAM = L8QX5LU28U;
				ENABLE_PREVIEWS = YES;
				GENERATE_INFOPLIST_FILE = YES;
				INFOPLIST_FILE = IncheonAirport/Info.plist;
				INFOPLIST_KEY_UIApplicationSceneManifest_Generation = YES;
				INFOPLIST_KEY_UIApplicationSupportsIndirectInputEvents = YES;
				INFOPLIST_KEY_UILaunchScreen_Generation = YES;
				INFOPLIST_KEY_UISupportedInterfaceOrientations_iPad = "UIInterfaceOrientationPortrait UIInterfaceOrientationPortraitUpsideDown UIInterfaceOrientationLandscapeLeft UIInterfaceOrientationLandscapeRight";
				INFOPLIST_KEY_UISupportedInterfaceOrientations_iPhone = "UIInterfaceOrientationPortrait UIInterfaceOrientationLandscapeLeft UIInterfaceOrientationLandscapeRight";
				IPHONEOS_DEPLOYMENT_TARGET = 16.0;
				LD_RUNPATH_SEARCH_PATHS = (
					"$(inherited)",
					"@executable_path/Frameworks",
				);
				MARKETING_VERSION = 1.0;
				PRODUCT_BUNDLE_IDENTIFIER = au.edu.uts.IncheonAirport;
				PRODUCT_NAME = "$(TARGET_NAME)";
				SUPPORTED_PLATFORMS = "iphoneos iphonesimulator";
				SUPPORTS_MACCATALYST = NO;
				SUPPORTS_MAC_DESIGNED_FOR_IPHONE_IPAD = NO;
				SWIFT_EMIT_LOC_STRINGS = YES;
				SWIFT_VERSION = 5.0;
				TARGETED_DEVICE_FAMILY = 1;
			};
			name = Release;
		};
		BFCA69282ABC96D20040754D /* Debug */ = {
			isa = XCBuildConfiguration;
			buildSettings = {
				BUNDLE_LOADER = "$(TEST_HOST)";
				CLANG_ENABLE_MODULES = YES;
				CODE_SIGN_STYLE = Automatic;
				CURRENT_PROJECT_VERSION = 1;
				DEVELOPMENT_TEAM = L8QX5LU28U;
				GENERATE_INFOPLIST_FILE = YES;
				MARKETING_VERSION = 1.0;
				PRODUCT_BUNDLE_IDENTIFIER = au.edu.uts.IncheonAirportTests;
				PRODUCT_NAME = "$(TARGET_NAME)";
				SWIFT_EMIT_LOC_STRINGS = NO;
				SWIFT_OBJC_BRIDGING_HEADER = "IncheonAirportTests/IncheonAirportTests-Bridging-Header.h";
				SWIFT_OPTIMIZATION_LEVEL = "-Onone";
				SWIFT_VERSION = 5.0;
				TARGETED_DEVICE_FAMILY = "1,2";
				TEST_HOST = "$(BUILT_PRODUCTS_DIR)/IncheonAirport.app/$(BUNDLE_EXECUTABLE_FOLDER_PATH)/IncheonAirport";
			};
			name = Debug;
		};
		BFCA69292ABC96D20040754D /* Release */ = {
			isa = XCBuildConfiguration;
			buildSettings = {
				BUNDLE_LOADER = "$(TEST_HOST)";
				CLANG_ENABLE_MODULES = YES;
				CODE_SIGN_STYLE = Automatic;
				CURRENT_PROJECT_VERSION = 1;
				DEVELOPMENT_TEAM = L8QX5LU28U;
				GENERATE_INFOPLIST_FILE = YES;
				MARKETING_VERSION = 1.0;
				PRODUCT_BUNDLE_IDENTIFIER = au.edu.uts.IncheonAirportTests;
				PRODUCT_NAME = "$(TARGET_NAME)";
				SWIFT_EMIT_LOC_STRINGS = NO;
				SWIFT_OBJC_BRIDGING_HEADER = "IncheonAirportTests/IncheonAirportTests-Bridging-Header.h";
				SWIFT_VERSION = 5.0;
				TARGETED_DEVICE_FAMILY = "1,2";
				TEST_HOST = "$(BUILT_PRODUCTS_DIR)/IncheonAirport.app/$(BUNDLE_EXECUTABLE_FOLDER_PATH)/IncheonAirport";
			};
			name = Release;
		};
/* End XCBuildConfiguration section */

/* Begin XCConfigurationList section */
		BF58529A2ABADAE600E089BC /* Build configuration list for PBXProject "IncheonAirport" */ = {
			isa = XCConfigurationList;
			buildConfigurations = (
				BF5852AB2ABADAE700E089BC /* Debug */,
				BF5852AC2ABADAE700E089BC /* Release */,
			);
			defaultConfigurationIsVisible = 0;
			defaultConfigurationName = Release;
		};
		BF5852AD2ABADAE700E089BC /* Build configuration list for PBXNativeTarget "IncheonAirport" */ = {
			isa = XCConfigurationList;
			buildConfigurations = (
				BF5852AE2ABADAE700E089BC /* Debug */,
				BF5852AF2ABADAE700E089BC /* Release */,
			);
			defaultConfigurationIsVisible = 0;
			defaultConfigurationName = Release;
		};
		BFCA69272ABC96D20040754D /* Build configuration list for PBXNativeTarget "IncheonAirportTests" */ = {
			isa = XCConfigurationList;
			buildConfigurations = (
				BFCA69282ABC96D20040754D /* Debug */,
				BFCA69292ABC96D20040754D /* Release */,
			);
			defaultConfigurationIsVisible = 0;
			defaultConfigurationName = Release;
		};
/* End XCConfigurationList section */

/* Begin XCRemoteSwiftPackageReference section */
		BF5852B02ABADB1100E089BC /* XCRemoteSwiftPackageReference "Alamofire" */ = {
			isa = XCRemoteSwiftPackageReference;
			repositoryURL = "https://github.com/Alamofire/Alamofire.git";
			requirement = {
				kind = upToNextMajorVersion;
				minimumVersion = 5.0.0;
			};
		};
/* End XCRemoteSwiftPackageReference section */

/* Begin XCSwiftPackageProductDependency section */
		BF5852B12ABADB1100E089BC /* Alamofire */ = {
			isa = XCSwiftPackageProductDependency;
			package = BF5852B02ABADB1100E089BC /* XCRemoteSwiftPackageReference "Alamofire" */;
			productName = Alamofire;
		};
/* End XCSwiftPackageProductDependency section */
	};
	rootObject = BF5852972ABADAE600E089BC /* Project object */;
}
